PODS:
  - React (0.53.3):
    - React/Core (= 0.53.3)
  - react-native-mapbox-gl (6.1.1):
    - React
  - React/Core (0.53.3):
    - yoga (= 0.53.3.React)
  - React/DevSupport (0.53.3):
    - React/Core
    - React/RCTWebSocket
  - React/fishhook (0.53.3)
  - React/RCTActionSheet (0.53.3):
    - React/Core
  - React/RCTAnimation (0.53.3):
    - React/Core
  - React/RCTBlob (0.53.3):
    - React/Core
  - React/RCTCameraRoll (0.53.3):
    - React/Core
    - React/RCTImage
  - React/RCTGeolocation (0.53.3):
    - React/Core
  - React/RCTImage (0.53.3):
    - React/Core
    - React/RCTNetwork
  - React/RCTLinkingIOS (0.53.3):
    - React/Core
  - React/RCTNetwork (0.53.3):
    - React/Core
  - React/RCTPushNotification (0.53.3):
    - React/Core
  - React/RCTSettings (0.53.3):
    - React/Core
  - React/RCTTest (0.53.3):
    - React/Core
  - React/RCTText (0.53.3):
    - React/Core
  - React/RCTVibration (0.53.3):
    - React/Core
  - React/RCTWebSocket (0.53.3):
    - React/Core
    - React/fishhook
    - React/RCTBlob
  - rn-fetch-blob (0.10.6):
    - React/Core
  - yoga (0.53.3.React)

DEPENDENCIES:
  - react-native-mapbox-gl (from `../node_modules/@mapbox/react-native-mapbox-gl`)
  - React/Core (from `../node_modules/react-native`)
  - React/DevSupport (from `../node_modules/react-native`)
  - React/RCTActionSheet (from `../node_modules/react-native`)
  - React/RCTAnimation (from `../node_modules/react-native`)
  - React/RCTBlob (from `../node_modules/react-native`)
  - React/RCTCameraRoll (from `../node_modules/react-native`)
  - React/RCTGeolocation (from `../node_modules/react-native`)
  - React/RCTImage (from `../node_modules/react-native`)
  - React/RCTLinkingIOS (from `../node_modules/react-native`)
  - React/RCTNetwork (from `../node_modules/react-native`)
  - React/RCTPushNotification (from `../node_modules/react-native`)
  - React/RCTSettings (from `../node_modules/react-native`)
  - React/RCTTest (from `../node_modules/react-native`)
  - React/RCTText (from `../node_modules/react-native`)
  - React/RCTVibration (from `../node_modules/react-native`)
  - React/RCTWebSocket (from `../node_modules/react-native`)
  - rn-fetch-blob (from `../node_modules/rn-fetch-blob`)
  - yoga (from `../node_modules/react-native/ReactCommon/yoga/Yoga.podspec`)

EXTERNAL SOURCES:
  React:
    :path: ../node_modules/react-native
  react-native-mapbox-gl:
    :path: ../node_modules/@mapbox/react-native-mapbox-gl
  rn-fetch-blob:
    :path: ../node_modules/rn-fetch-blob
  yoga:
    :path: ../node_modules/react-native/ReactCommon/yoga/Yoga.podspec

SPEC CHECKSUMS:
  React: af66244a7d630be2aef03b4ddfe3570e4eff39fc
  react-native-mapbox-gl: b42480060cdcc515dfa3d8e403fb4dd32466a1b9
  rn-fetch-blob: 76a8f798dae965bbcd146a2438f2e1d381c91ae3
  yoga: 55da126afc384965b96bff46652464373b330add

PODFILE CHECKSUM: a52d252b4a70d212ebaea8aefffe6d3df60557b0

COCOAPODS: 1.4.0
