PODS:
  - React (0.53.3):
    - React/Core (= 0.53.3)
  - react-native-background-timer (2.0.1)
  - react-native-mapbox-gl (6.1.1):
    - React
  - react-native-splash-screen (3.1.0):
    - React
  - React/BatchedBridge (0.53.3):
    - React/Core
    - React/cxxreact_legacy
  - React/Core (0.53.3):
    - yoga (= 0.53.3.React)
  - React/cxxreact_legacy (0.53.3):
    - React/jschelpers_legacy
    - React/jsinspector_legacy
  - React/DevSupport (0.53.3):
    - React/Core
    - React/RCTWebSocket
  - React/fishhook (0.53.3)
  - React/jschelpers_legacy (0.53.3)
  - React/jsinspector_legacy (0.53.3)
  - React/RCTBlob (0.53.3):
    - React/Core
  - React/RCTCameraRoll (0.53.3):
    - React/Core
    - React/RCTImage
  - React/RCTImage (0.53.3):
    - React/Core
    - React/RCTNetwork
  - React/RCTNetwork (0.53.3):
    - React/Core
  - React/RCTTest (0.53.3):
    - React/Core
  - React/RCTWebSocket (0.53.3):
    - React/Core
    - React/fishhook
    - React/RCTBlob
  - rn-fetch-blob (0.10.6):
    - React/Core
  - yoga (0.53.3.React)

DEPENDENCIES:
  - react-native-background-timer (from `../node_modules/react-native-background-timer`)
  - react-native-mapbox-gl (from `../node_modules/@mapbox/react-native-mapbox-gl`)
  - react-native-splash-screen (from `../node_modules/react-native-splash-screen`)
  - React/BatchedBridge (from `../node_modules/react-native`)
  - React/Core (from `../node_modules/react-native`)
  - React/DevSupport (from `../node_modules/react-native`)
  - React/RCTCameraRoll (from `../node_modules/react-native`)
  - React/RCTTest (from `../node_modules/react-native`)
  - rn-fetch-blob (from `../node_modules/rn-fetch-blob`)
  - yoga (from `../node_modules/react-native/ReactCommon/yoga/Yoga.podspec`)

EXTERNAL SOURCES:
  React:
    :path: ../node_modules/react-native
  react-native-background-timer:
    :path: ../node_modules/react-native-background-timer
  react-native-mapbox-gl:
    :path: ../node_modules/@mapbox/react-native-mapbox-gl
  react-native-splash-screen:
    :path: ../node_modules/react-native-splash-screen
  rn-fetch-blob:
    :path: ../node_modules/rn-fetch-blob
  yoga:
    :path: ../node_modules/react-native/ReactCommon/yoga/Yoga.podspec

SPEC CHECKSUMS:
  React: af66244a7d630be2aef03b4ddfe3570e4eff39fc
  react-native-background-timer: 8791c4dfed51d12a103b37a9f365117bee6f298f
  react-native-mapbox-gl: b42480060cdcc515dfa3d8e403fb4dd32466a1b9
  react-native-splash-screen: 8e3f866dc79bfe533baeffd0a38c33f7a7eae7f8
  rn-fetch-blob: 76a8f798dae965bbcd146a2438f2e1d381c91ae3
  yoga: 55da126afc384965b96bff46652464373b330add

PODFILE CHECKSUM: f2dc0da3949e9f7cbddc11beb92d4659879300f4

COCOAPODS: 1.4.0
